
Microsoft Visual Studio Solution File, Format Version 12.00
# Visual Studio Version 16
VisualStudioVersion = 16.0.29326.143
MinimumVisualStudioVersion = 10.0.40219.1
Project("{9A19103F-16F7-4668-BE54-9A1E7A4F7556}") = "MyCompany.MyExamples.EfPlaygroundOne.BusinessLayer", "..\BusinessLayer\MyCompany.MyExamples.EfPlaygroundOne.BusinessLayer.csproj", "{2831B198-747C-4C24-8803-C06EDA0C3588}"
EndProject
Project("{9A19103F-16F7-4668-BE54-9A1E7A4F7556}") = "MyCompany.MyExamples.EfPlaygroundOne.Domain", "..\Domain\MyCompany.MyExamples.EfPlaygroundOne.Domain.csproj", "{B9DB453D-4BA9-4BB6-A929-5DB65C182899}"
EndProject
Project("{9A19103F-16F7-4668-BE54-9A1E7A4F7556}") = "MyCompany.MyExamples.EfPlaygroundOne.DomainDataLayer.Interfaces", "..\DataLayer.Interfaces\MyCompany.MyExamples.EfPlaygroundOne.DomainDataLayer.Interfaces.csproj", "{BF27CD6C-F579-46D0-BC2B-BDA9FC5B3DDA}"
EndProject
Project("{9A19103F-16F7-4668-BE54-9A1E7A4F7556}") = "MyCompany.MyExamples.EfPlaygroundOne.DomainDataLayer.EntityFramework", "..\DataLayer.EntityFramework\MyCompany.MyExamples.EfPlaygroundOne.DomainDataLayer.EntityFramework.csproj", "{A137D0F5-1F1F-487F-AC6F-69133DBE6F34}"
EndProject
Project("{9A19103F-16F7-4668-BE54-9A1E7A4F7556}") = "MyCompany.MyExamples.EfPlaygroundOne.ConsoleOne", "..\ConsoleOne\MyCompany.MyExamples.EfPlaygroundOne.ConsoleOne.csproj", "{59B388BC-9C45-4414-AC65-88E07619D178}"
EndProject
Global
	GlobalSection(SolutionConfigurationPlatforms) = preSolution
		Debug|Any CPU = Debug|Any CPU
		Release|Any CPU = Release|Any CPU
	EndGlobalSection
	GlobalSection(ProjectConfigurationPlatforms) = postSolution
		{2831B198-747C-4C24-8803-C06EDA0C3588}.Debug|Any CPU.ActiveCfg = Debug|Any CPU
		{2831B198-747C-4C24-8803-C06EDA0C3588}.Debug|Any CPU.Build.0 = Debug|Any CPU
		{2831B198-747C-4C24-8803-C06EDA0C3588}.Release|Any CPU.ActiveCfg = Release|Any CPU
		{2831B198-747C-4C24-8803-C06EDA0C3588}.Release|Any CPU.Build.0 = Release|Any CPU
		{B9DB453D-4BA9-4BB6-A929-5DB65C182899}.Debug|Any CPU.ActiveCfg = Debug|Any CPU
		{B9DB453D-4BA9-4BB6-A929-5DB65C182899}.Debug|Any CPU.Build.0 = Debug|Any CPU
		{B9DB453D-4BA9-4BB6-A929-5DB65C182899}.Release|Any CPU.ActiveCfg = Release|Any CPU
		{B9DB453D-4BA9-4BB6-A929-5DB65C182899}.Release|Any CPU.Build.0 = Release|Any CPU
		{BF27CD6C-F579-46D0-BC2B-BDA9FC5B3DDA}.Debug|Any CPU.ActiveCfg = Debug|Any CPU
		{BF27CD6C-F579-46D0-BC2B-BDA9FC5B3DDA}.Debug|Any CPU.Build.0 = Debug|Any CPU
		{BF27CD6C-F579-46D0-BC2B-BDA9FC5B3DDA}.Release|Any CPU.ActiveCfg = Release|Any CPU
		{BF27CD6C-F579-46D0-BC2B-BDA9FC5B3DDA}.Release|Any CPU.Build.0 = Release|Any CPU
		{A137D0F5-1F1F-487F-AC6F-69133DBE6F34}.Debug|Any CPU.ActiveCfg = Debug|Any CPU
		{A137D0F5-1F1F-487F-AC6F-69133DBE6F34}.Debug|Any CPU.Build.0 = Debug|Any CPU
		{A137D0F5-1F1F-487F-AC6F-69133DBE6F34}.Release|Any CPU.ActiveCfg = Release|Any CPU
		{A137D0F5-1F1F-487F-AC6F-69133DBE6F34}.Release|Any CPU.Build.0 = Release|Any CPU
		{59B388BC-9C45-4414-AC65-88E07619D178}.Debug|Any CPU.ActiveCfg = Debug|Any CPU
		{59B388BC-9C45-4414-AC65-88E07619D178}.Debug|Any CPU.Build.0 = Debug|Any CPU
		{59B388BC-9C45-4414-AC65-88E07619D178}.Release|Any CPU.ActiveCfg = Release|Any CPU
		{59B388BC-9C45-4414-AC65-88E07619D178}.Release|Any CPU.Build.0 = Release|Any CPU
	EndGlobalSection
	GlobalSection(SolutionProperties) = preSolution
		HideSolutionNode = FALSE
	EndGlobalSection
	GlobalSection(ExtensibilityGlobals) = postSolution
		SolutionGuid = {E1BA24D7-D34C-4A72-BFDC-285FC0C5224A}
	EndGlobalSection
EndGlobal
